
Microsoft Visual Studio Solution File, Format Version 12.00
# Visual Studio Version 17
VisualStudioVersion = 17.9.34723.18
MinimumVisualStudioVersion = 10.0.40219.1
Project("{FAE04EC0-301F-11D3-BF4B-00C04F79EFBC}") = "CsharpDictionary", "CsharpDictionary\CsharpDictionary.csproj", "{405B2DFC-FC94-4365-B24E-248362AF8446}"
EndProject
Global
	GlobalSection(SolutionConfigurationPlatforms) = preSolution
		Debug|Any CPU = Debug|Any CPU
		Release|Any CPU = Release|Any CPU
	EndGlobalSection
	GlobalSection(ProjectConfigurationPlatforms) = postSolution
		{405B2DFC-FC94-4365-B24E-248362AF8446}.Debug|Any CPU.ActiveCfg = Debug|Any CPU
		{405B2DFC-FC94-4365-B24E-248362AF8446}.Debug|Any CPU.Build.0 = Debug|Any CPU
		{405B2DFC-FC94-4365-B24E-248362AF8446}.Release|Any CPU.ActiveCfg = Release|Any CPU
		{405B2DFC-FC94-4365-B24E-248362AF8446}.Release|Any CPU.Build.0 = Release|Any CPU
	EndGlobalSection
	GlobalSection(SolutionProperties) = preSolution
		HideSolutionNode = FALSE
	EndGlobalSection
	GlobalSection(ExtensibilityGlobals) = postSolution
		SolutionGuid = {B5AC0032-C880-4EFF-90F4-EE16E367FB8D}
	EndGlobalSection
EndGlobal
